
Microsoft Visual Studio Solution File, Format Version 12.00
# Visual Studio Version 17
VisualStudioVersion = 17.13.35931.197 d17.13
MinimumVisualStudioVersion = 10.0.40219.1
Project("{FAE04EC0-301F-11D3-BF4B-00C04F79EFBC}") = "DACS_BakeryShop", "DACS_BakeryShop\DACS_BakeryShop.csproj", "{7EC1275C-44DD-4185-A3E8-8A06478D2430}"
EndProject
Global
	GlobalSection(SolutionConfigurationPlatforms) = preSolution
		Debug|Any CPU = Debug|Any CPU
		Release|Any CPU = Release|Any CPU
	EndGlobalSection
	GlobalSection(ProjectConfigurationPlatforms) = postSolution
		{7EC1275C-44DD-4185-A3E8-8A06478D2430}.Debug|Any CPU.ActiveCfg = Debug|Any CPU
		{7EC1275C-44DD-4185-A3E8-8A06478D2430}.Debug|Any CPU.Build.0 = Debug|Any CPU
		{7EC1275C-44DD-4185-A3E8-8A06478D2430}.Release|Any CPU.ActiveCfg = Release|Any CPU
		{7EC1275C-44DD-4185-A3E8-8A06478D2430}.Release|Any CPU.Build.0 = Release|Any CPU
	EndGlobalSection
	GlobalSection(SolutionProperties) = preSolution
		HideSolutionNode = FALSE
	EndGlobalSection
	GlobalSection(ExtensibilityGlobals) = postSolution
		SolutionGuid = {6BE1FB31-9E41-4585-8DDF-84322F1029FF}
	EndGlobalSection
EndGlobal
